
Microsoft Visual Studio Solution File, Format Version 12.00
# Visual Studio 14
VisualStudioVersion = 14.0.25420.1
MinimumVisualStudioVersion = 10.0.40219.1
Project("{2150E333-8FDC-42A3-9474-1A3956D46DE8}") = "Solution Items", "Solution Items", "{11CAFBBB-2FAA-42D7-BB83-49A97981CE47}"
	ProjectSection(SolutionItems) = preProject
		LocalTestRun.testrunconfig = LocalTestRun.testrunconfig
		testwinc1.vsmdi = testwinc1.vsmdi
	EndProjectSection
EndProject
Project("{FAE04EC0-301F-11D3-BF4B-00C04F79EFBC}") = "testwinc", "testwinc\testwinc.csproj", "{613746E2-AA71-4DF9-BA4E-BF471673944D}"
EndProject
Global
	GlobalSection(SolutionConfigurationPlatforms) = preSolution
		Debug|Any CPU = Debug|Any CPU
		Release|Any CPU = Release|Any CPU
	EndGlobalSection
	GlobalSection(ProjectConfigurationPlatforms) = postSolution
		{613746E2-AA71-4DF9-BA4E-BF471673944D}.Debug|Any CPU.ActiveCfg = Debug|Any CPU
		{613746E2-AA71-4DF9-BA4E-BF471673944D}.Debug|Any CPU.Build.0 = Debug|Any CPU
		{613746E2-AA71-4DF9-BA4E-BF471673944D}.Release|Any CPU.ActiveCfg = Release|Any CPU
		{613746E2-AA71-4DF9-BA4E-BF471673944D}.Release|Any CPU.Build.0 = Release|Any CPU
	EndGlobalSection
	GlobalSection(SolutionProperties) = preSolution
		HideSolutionNode = FALSE
	EndGlobalSection
EndGlobal
